<?xml version="1.0" encoding="utf-8"?>
<Project ToolsVersion="4.0" xmlns="http://schemas.microsoft.com/developer/msbuild/2003">
  <ItemGroup>
    <Filter Include="Source Files">
      <UniqueIdentifier>{4FC737F1-C7A5-4376-A066-2A32D752A2FF}</UniqueIdentifier>
      <Extensions>cpp;c;cc;cxx;def;odl;idl;hpj;bat;asm;asmx</Extensions>
    </Filter>
    <Filter Include="Header Files">
      <UniqueIdentifier>{93995380-89BD-4b04-88EB-625FBE52EBFB}</UniqueIdentifier>
      <Extensions>h;hh;hpp;hxx;hm;inl;inc;xsd</Extensions>
    </Filter>
    <Filter Include="Resource Files">
      <UniqueIdentifier>{67DA6AB6-F800-4c08-8B7A-83BB121AAD01}</UniqueIdentifier>
      <Extensions>rc;ico;cur;bmp;dlg;rc2;rct;bin;rgs;gif;jpg;jpeg;jpe;resx;tiff;tif;png;wav;mfcribbon-ms</Extensions>
    </Filter>
  </ItemGroup>
  <ItemGroup>
    <ClCompile Include="Code\boxRender.cpp">
      <Filter>Source Files</Filter>
    </ClCompile>
    <ClCompile Include="Code\cdPlayerDlg.cpp">
      <Filter>Source Files</Filter>
    </ClCompile>
    <ClCompile Include="Code\cdPlayerPlugin.cpp">
      <Filter>Source Files</Filter>
    </ClCompile>
    <ClCompile Include="Code\fxRenderImage.cpp">
      <Filter>Source Files</Filter>
    </ClCompile>
    <ClCompile Include="Code\gfxPlugin.cpp">
      <Filter>Source Files</Filter>
    </ClCompile>
    <ClCompile Include="Code\ia3d.cpp">
      <Filter>Source Files</Filter>
    </ClCompile>
    <ClCompile Include="Code\interiorPlugin.cpp">
      <Filter>Source Files</Filter>
    </ClCompile>
    <ClCompile Include="Code\MissionEditor.cpp">
      <Filter>Source Files</Filter>
    </ClCompile>
    <ClCompile Include="Code\MissionPlugin.cpp">
      <Filter>Source Files</Filter>
    </ClCompile>
    <ClCompile Include="Code\MissionSelect.cpp">
      <Filter>Source Files</Filter>
    </ClCompile>
    <ClCompile Include="Code\move.cpp">
      <Filter>Source Files</Filter>
    </ClCompile>
    <ClCompile Include="Code\movPlay.cpp">
      <Filter>Source Files</Filter>
    </ClCompile>
    <ClCompile Include="Code\movPlayPlugin.cpp">
      <Filter>Source Files</Filter>
    </ClCompile>
    <ClCompile Include="Code\netPlugin.cpp">
      <Filter>Source Files</Filter>
    </ClCompile>
    <ClCompile Include="Code\pch.cpp">
      <Filter>Source Files</Filter>
    </ClCompile>
    <ClCompile Include="Code\preferencePlugin.cpp">
      <Filter>Source Files</Filter>
    </ClCompile>
    <ClCompile Include="Code\redbook.cpp">
      <Filter>Source Files</Filter>
    </ClCompile>
    <ClCompile Include="Code\redbookPlugin.cpp">
      <Filter>Source Files</Filter>
    </ClCompile>
    <ClCompile Include="Code\shellOpenPlugin.cpp">
      <Filter>Source Files</Filter>
    </ClCompile>
    <ClCompile Include="Code\simdebris.cpp">
      <Filter>Source Files</Filter>
    </ClCompile>
    <ClCompile Include="Code\simExplosion.cpp">
      <Filter>Source Files</Filter>
    </ClCompile>
    <ClCompile Include="Code\simExplosionCloud.cpp">
      <Filter>Source Files</Filter>
    </ClCompile>
    <ClCompile Include="Code\simExplosionTable.cpp">
      <Filter>Source Files</Filter>
    </ClCompile>
    <ClCompile Include="Code\simFire.cpp">
      <Filter>Source Files</Filter>
    </ClCompile>
    <ClCompile Include="Code\simInputPlugin.cpp">
      <Filter>Source Files</Filter>
    </ClCompile>
    <ClCompile Include="Code\simInterior.cpp">
      <Filter>Source Files</Filter>
    </ClCompile>
    <ClCompile Include="Code\simInteriorGrouping.cpp">
      <Filter>Source Files</Filter>
    </ClCompile>
    <ClCompile Include="Code\simLight.cpp">
      <Filter>Source Files</Filter>
    </ClCompile>
    <ClCompile Include="Code\simMoveobj.cpp">
      <Filter>Source Files</Filter>
    </ClCompile>
    <ClCompile Include="Code\simMovingInterior.cpp">
      <Filter>Source Files</Filter>
    </ClCompile>
    <ClCompile Include="Code\simObjectPersTags.cpp">
      <Filter>Source Files</Filter>
    </ClCompile>
    <ClCompile Include="Code\simObjectTemplates.cpp">
      <Filter>Source Files</Filter>
    </ClCompile>
    <ClCompile Include="Code\SimPartDebris.cpp">
      <Filter>Source Files</Filter>
    </ClCompile>
    <ClCompile Include="Code\simPath.cpp">
      <Filter>Source Files</Filter>
    </ClCompile>
    <ClCompile Include="Code\SimPathManager.cpp">
      <Filter>Source Files</Filter>
    </ClCompile>
    <ClCompile Include="Code\SimPlaceContainer.cpp">
      <Filter>Source Files</Filter>
    </ClCompile>
    <ClCompile Include="Code\simPlanet.cpp">
      <Filter>Source Files</Filter>
    </ClCompile>
    <ClCompile Include="Code\simSky.cpp">
      <Filter>Source Files</Filter>
    </ClCompile>
    <ClCompile Include="Code\simSmoke.cpp">
      <Filter>Source Files</Filter>
    </ClCompile>
    <ClCompile Include="Code\simSoundSequence.cpp">
      <Filter>Source Files</Filter>
    </ClCompile>
    <ClCompile Include="Code\simStarField.cpp">
      <Filter>Source Files</Filter>
    </ClCompile>
    <ClCompile Include="Code\simTreePlugin.cpp">
      <Filter>Source Files</Filter>
    </ClCompile>
    <ClCompile Include="Code\simWinConsolePlugin.cpp">
      <Filter>Source Files</Filter>
    </ClCompile>
    <ClCompile Include="Code\skyPlugin.cpp">
      <Filter>Source Files</Filter>
    </ClCompile>
    <ClCompile Include="Code\soundFX.cpp">
      <Filter>Source Files</Filter>
    </ClCompile>
    <ClCompile Include="Code\soundFXBuffer.cpp">
      <Filter>Source Files</Filter>
    </ClCompile>
    <ClCompile Include="Code\soundFXPlugin.cpp">
      <Filter>Source Files</Filter>
    </ClCompile>
    <ClCompile Include="Code\SSSimObjectPersTags.cpp">
      <Filter>Source Files</Filter>
    </ClCompile>
    <ClCompile Include="Code\terrainPlugin.cpp">
      <Filter>Source Files</Filter>
    </ClCompile>
    <ClCompile Include="Code\toolPlugin.cpp">
      <Filter>Source Files</Filter>
    </ClCompile>
  </ItemGroup>
  <ItemGroup>
    <ResourceCompile Include="Code\toolPlugin.RC">
      <Filter>Source Files</Filter>
    </ResourceCompile>
  </ItemGroup>
  <ItemGroup>
    <None Include="Code\GENERIC.DEF">
      <Filter>Source Files</Filter>
    </None>
  </ItemGroup>
  <ItemGroup>
    <ClInclude Include="Inc\boxRender.h">
      <Filter>Header Files</Filter>
    </ClInclude>
    <ClInclude Include="Inc\cdPlayerDlg.h">
      <Filter>Header Files</Filter>
    </ClInclude>
    <ClInclude Include="Inc\cdPlayerDlg_defs.h">
      <Filter>Header Files</Filter>
    </ClInclude>
    <ClInclude Include="Inc\cdPlayerPlugin.h">
      <Filter>Header Files</Filter>
    </ClInclude>
    <ClInclude Include="Inc\collideObj.h">
      <Filter>Header Files</Filter>
    </ClInclude>
    <ClInclude Include="Inc\control.h">
      <Filter>Header Files</Filter>
    </ClInclude>
    <ClInclude Include="Inc\evcode.h">
      <Filter>Header Files</Filter>
    </ClInclude>
    <ClInclude Include="Inc\fxRenderImage.h">
      <Filter>Header Files</Filter>
    </ClInclude>
    <ClInclude Include="Inc\gfxPlugin.h">
      <Filter>Header Files</Filter>
    </ClInclude>
    <ClInclude Include="Inc\Ia3d.h">
      <Filter>Header Files</Filter>
    </ClInclude>
    <ClInclude Include="Inc\interiorPlugin.h">
      <Filter>Header Files</Filter>
    </ClInclude>
    <ClInclude Include="Inc\mapViewPlugin.h">
      <Filter>Header Files</Filter>
    </ClInclude>
    <ClInclude Include="Inc\MissionEditor.h">
      <Filter>Header Files</Filter>
    </ClInclude>
    <ClInclude Include="Inc\MissionPlugin.h">
      <Filter>Header Files</Filter>
    </ClInclude>
    <ClInclude Include="Inc\move.h">
      <Filter>Header Files</Filter>
    </ClInclude>
    <ClInclude Include="Inc\movPlay.h">
      <Filter>Header Files</Filter>
    </ClInclude>
    <ClInclude Include="Inc\movPlayPlugin.h">
      <Filter>Header Files</Filter>
    </ClInclude>
    <ClInclude Include="Inc\netPlugin.h">
      <Filter>Header Files</Filter>
    </ClInclude>
    <ClInclude Include="Inc\preferencePlugin.h">
      <Filter>Header Files</Filter>
    </ClInclude>
    <ClInclude Include="Inc\redbook.h">
      <Filter>Header Files</Filter>
    </ClInclude>
    <ClInclude Include="Inc\redbookPlugin.h">
      <Filter>Header Files</Filter>
    </ClInclude>
    <ClInclude Include="Inc\shellOpenPlugin.h">
      <Filter>Header Files</Filter>
    </ClInclude>
    <ClInclude Include="Inc\simdebris.h">
      <Filter>Header Files</Filter>
    </ClInclude>
    <ClInclude Include="Inc\SimDebrisRecord.h">
      <Filter>Header Files</Filter>
    </ClInclude>
    <ClInclude Include="Inc\simExplosion.h">
      <Filter>Header Files</Filter>
    </ClInclude>
    <ClInclude Include="Inc\SimExplosionRecord.h">
      <Filter>Header Files</Filter>
    </ClInclude>
    <ClInclude Include="Inc\simExplosionTable.h">
      <Filter>Header Files</Filter>
    </ClInclude>
    <ClInclude Include="Inc\simFire.h">
      <Filter>Header Files</Filter>
    </ClInclude>
    <ClInclude Include="Inc\SimFireRecord.h">
      <Filter>Header Files</Filter>
    </ClInclude>
    <ClInclude Include="Inc\simInputPlugin.h">
      <Filter>Header Files</Filter>
    </ClInclude>
    <ClInclude Include="Inc\simInterior.h">
      <Filter>Header Files</Filter>
    </ClInclude>
    <ClInclude Include="Inc\simInteriorGrouping.h">
      <Filter>Header Files</Filter>
    </ClInclude>
    <ClInclude Include="Inc\simLight.h">
      <Filter>Header Files</Filter>
    </ClInclude>
    <ClInclude Include="Inc\simMapCanvas.h">
      <Filter>Header Files</Filter>
    </ClInclude>
    <ClInclude Include="Inc\simMoveobj.h">
      <Filter>Header Files</Filter>
    </ClInclude>
    <ClInclude Include="Inc\simMovingInterior.h">
      <Filter>Header Files</Filter>
    </ClInclude>
    <ClInclude Include="Inc\SimPartDebris.h">
      <Filter>Header Files</Filter>
    </ClInclude>
    <ClInclude Include="Inc\simPath.h">
      <Filter>Header Files</Filter>
    </ClInclude>
    <ClInclude Include="Inc\SimPathManager.h">
      <Filter>Header Files</Filter>
    </ClInclude>
    <ClInclude Include="Inc\SimPathQuery.h">
      <Filter>Header Files</Filter>
    </ClInclude>
    <ClInclude Include="Inc\SimPlaceContainer.h">
      <Filter>Header Files</Filter>
    </ClInclude>
    <ClInclude Include="Inc\simPlanet.h">
      <Filter>Header Files</Filter>
    </ClInclude>
    <ClInclude Include="Inc\simSky.h">
      <Filter>Header Files</Filter>
    </ClInclude>
    <ClInclude Include="Inc\simSmoke.h">
      <Filter>Header Files</Filter>
    </ClInclude>
    <ClInclude Include="Inc\simSoundSequence.h">
      <Filter>Header Files</Filter>
    </ClInclude>
    <ClInclude Include="Inc\simStarField.h">
      <Filter>Header Files</Filter>
    </ClInclude>
    <ClInclude Include="Inc\simTreePlugin.h">
      <Filter>Header Files</Filter>
    </ClInclude>
    <ClInclude Include="Inc\simWaypoint.h">
      <Filter>Header Files</Filter>
    </ClInclude>
    <ClInclude Include="Inc\simWinConsolePlugin.h">
      <Filter>Header Files</Filter>
    </ClInclude>
    <ClInclude Include="Inc\skyPlugin.h">
      <Filter>Header Files</Filter>
    </ClInclude>
    <ClInclude Include="Inc\soundFX.h">
      <Filter>Header Files</Filter>
    </ClInclude>
    <ClInclude Include="Inc\soundFXPlugin.h">
      <Filter>Header Files</Filter>
    </ClInclude>
    <ClInclude Include="Inc\strmif.h">
      <Filter>Header Files</Filter>
    </ClInclude>
    <ClInclude Include="Inc\terrainPlugin.h">
      <Filter>Header Files</Filter>
    </ClInclude>
    <ClInclude Include="Inc\toolPlugin.h">
      <Filter>Header Files</Filter>
    </ClInclude>
  </ItemGroup>
</Project>