
Microsoft Visual Studio Solution File, Format Version 12.00
# Visual Studio 2013
VisualStudioVersion = 12.0.30915.1
MinimumVisualStudioVersion = 10.0.40219.1
Project("{8BC9CEB8-8B4A-11D0-8D11-00A0C91BC942}") = "console", "console\console.vcxproj", "{6250EFB7-BD7F-49FE-B7E0-5D3F99D47107}"
EndProject
Project("{8BC9CEB8-8B4A-11D0-8D11-00A0C91BC942}") = "Ts3", "Ts3\Ts3.vcxproj", "{DB3C702F-2A70-4AD7-8591-C6387FBFC86D}"
EndProject
Project("{8BC9CEB8-8B4A-11D0-8D11-00A0C91BC942}") = "Window", "Window\Window.vcxproj", "{27DBA1C1-C96D-42D5-8F26-8F220E120F38}"
EndProject
Project("{8BC9CEB8-8B4A-11D0-8D11-00A0C91BC942}") = "DNet", "DNet\DNet.vcxproj", "{C2A150CC-7705-4B1D-8EAD-2359AC5AD791}"
EndProject
Project("{8BC9CEB8-8B4A-11D0-8D11-00A0C91BC942}") = "Terrain", "Terrain\Terrain.vcxproj", "{01536585-62C3-4EEA-BDD8-B6143FFF20FA}"
EndProject
Project("{8BC9CEB8-8B4A-11D0-8D11-00A0C91BC942}") = "Terrain2", "Terrain2\Terrain2.vcxproj", "{E64B7065-CFAF-43FC-AC8E-667A040070C0}"
EndProject
Project("{8BC9CEB8-8B4A-11D0-8D11-00A0C91BC942}") = "Interior", "Interior\Interior.vcxproj", "{C40B8BA3-8E50-4A5D-AD62-1E9E9A4EB08F}"
EndProject
Project("{8BC9CEB8-8B4A-11D0-8D11-00A0C91BC942}") = "Sim", "Sim\Sim.vcxproj", "{D919B44A-88B8-4F5E-A7D1-4F2AC8833F5A}"
EndProject
Project("{8BC9CEB8-8B4A-11D0-8D11-00A0C91BC942}") = "SimGui", "SimGui\SimGui.vcxproj", "{CFE3D950-7A8D-41BD-845A-E0F1D318C5E4}"
EndProject
Project("{8BC9CEB8-8B4A-11D0-8D11-00A0C91BC942}") = "SimObjects", "SimObjects\SimObjects.vcxproj", "{D40BB1E8-37EB-467E-9B16-B060942AAEA8}"
EndProject
Project("{8BC9CEB8-8B4A-11D0-8D11-00A0C91BC942}") = "Landscape", "Landscape\Landscape.vcxproj", "{DE5875BB-15A2-473B-8FB9-44FFB8779EAC}"
EndProject
Project("{8BC9CEB8-8B4A-11D0-8D11-00A0C91BC942}") = "Ted", "Ted\Ted.vcxproj", "{C166A828-3F80-49A5-BDA4-A8EB80623346}"
EndProject
Project("{8BC9CEB8-8B4A-11D0-8D11-00A0C91BC942}") = "Core", "Core\Core.vcxproj", "{7410E9B0-CE04-4BF4-A1EB-580D05C5F3B6}"
EndProject
Project("{8BC9CEB8-8B4A-11D0-8D11-00A0C91BC942}") = "Dgfx", "Dgfx\Dgfx.vcxproj", "{7A40EAEC-1BC4-46B8-BEA3-59180B042F9B}"
EndProject
Project("{8BC9CEB8-8B4A-11D0-8D11-00A0C91BC942}") = "Ml", "Ml\Ml.vcxproj", "{5C362F98-AC5A-4428-9224-A93A6579004F}"
EndProject
Project("{2150E333-8FDC-42A3-9474-1A3956D46DE8}") = "Tools", "Tools", "{28A3B570-9525-4332-B1F6-96D5C0484E77}"
EndProject
Project("{8BC9CEB8-8B4A-11D0-8D11-00A0C91BC942}") = "FontEdit", "Tools\FontEdit\FontEdit.vcxproj", "{EA9B472F-C2F5-4086-B519-8189D3DB1340}"
EndProject
Global
	GlobalSection(SolutionConfigurationPlatforms) = preSolution
		Debug|Win32 = Debug|Win32
		Release|Win32 = Release|Win32
	EndGlobalSection
	GlobalSection(ProjectConfigurationPlatforms) = postSolution
		{6250EFB7-BD7F-49FE-B7E0-5D3F99D47107}.Debug|Win32.ActiveCfg = Debug|Win32
		{6250EFB7-BD7F-49FE-B7E0-5D3F99D47107}.Debug|Win32.Build.0 = Debug|Win32
		{6250EFB7-BD7F-49FE-B7E0-5D3F99D47107}.Release|Win32.ActiveCfg = Release|Win32
		{6250EFB7-BD7F-49FE-B7E0-5D3F99D47107}.Release|Win32.Build.0 = Release|Win32
		{DB3C702F-2A70-4AD7-8591-C6387FBFC86D}.Debug|Win32.ActiveCfg = Debug|Win32
		{DB3C702F-2A70-4AD7-8591-C6387FBFC86D}.Debug|Win32.Build.0 = Debug|Win32
		{DB3C702F-2A70-4AD7-8591-C6387FBFC86D}.Release|Win32.ActiveCfg = Release|Win32
		{DB3C702F-2A70-4AD7-8591-C6387FBFC86D}.Release|Win32.Build.0 = Release|Win32
		{27DBA1C1-C96D-42D5-8F26-8F220E120F38}.Debug|Win32.ActiveCfg = Debug|Win32
		{27DBA1C1-C96D-42D5-8F26-8F220E120F38}.Debug|Win32.Build.0 = Debug|Win32
		{27DBA1C1-C96D-42D5-8F26-8F220E120F38}.Release|Win32.ActiveCfg = Release|Win32
		{27DBA1C1-C96D-42D5-8F26-8F220E120F38}.Release|Win32.Build.0 = Release|Win32
		{C2A150CC-7705-4B1D-8EAD-2359AC5AD791}.Debug|Win32.ActiveCfg = Debug|Win32
		{C2A150CC-7705-4B1D-8EAD-2359AC5AD791}.Debug|Win32.Build.0 = Debug|Win32
		{C2A150CC-7705-4B1D-8EAD-2359AC5AD791}.Release|Win32.ActiveCfg = Release|Win32
		{C2A150CC-7705-4B1D-8EAD-2359AC5AD791}.Release|Win32.Build.0 = Release|Win32
		{01536585-62C3-4EEA-BDD8-B6143FFF20FA}.Debug|Win32.ActiveCfg = Debug|Win32
		{01536585-62C3-4EEA-BDD8-B6143FFF20FA}.Debug|Win32.Build.0 = Debug|Win32
		{01536585-62C3-4EEA-BDD8-B6143FFF20FA}.Release|Win32.ActiveCfg = Release|Win32
		{01536585-62C3-4EEA-BDD8-B6143FFF20FA}.Release|Win32.Build.0 = Release|Win32
		{E64B7065-CFAF-43FC-AC8E-667A040070C0}.Debug|Win32.ActiveCfg = Debug|Win32
		{E64B7065-CFAF-43FC-AC8E-667A040070C0}.Debug|Win32.Build.0 = Debug|Win32
		{E64B7065-CFAF-43FC-AC8E-667A040070C0}.Release|Win32.ActiveCfg = Release|Win32
		{E64B7065-CFAF-43FC-AC8E-667A040070C0}.Release|Win32.Build.0 = Release|Win32
		{C40B8BA3-8E50-4A5D-AD62-1E9E9A4EB08F}.Debug|Win32.ActiveCfg = Debug|Win32
		{C40B8BA3-8E50-4A5D-AD62-1E9E9A4EB08F}.Debug|Win32.Build.0 = Debug|Win32
		{C40B8BA3-8E50-4A5D-AD62-1E9E9A4EB08F}.Release|Win32.ActiveCfg = Release|Win32
		{C40B8BA3-8E50-4A5D-AD62-1E9E9A4EB08F}.Release|Win32.Build.0 = Release|Win32
		{D919B44A-88B8-4F5E-A7D1-4F2AC8833F5A}.Debug|Win32.ActiveCfg = Debug|Win32
		{D919B44A-88B8-4F5E-A7D1-4F2AC8833F5A}.Debug|Win32.Build.0 = Debug|Win32
		{D919B44A-88B8-4F5E-A7D1-4F2AC8833F5A}.Release|Win32.ActiveCfg = Release|Win32
		{D919B44A-88B8-4F5E-A7D1-4F2AC8833F5A}.Release|Win32.Build.0 = Release|Win32
		{CFE3D950-7A8D-41BD-845A-E0F1D318C5E4}.Debug|Win32.ActiveCfg = Debug|Win32
		{CFE3D950-7A8D-41BD-845A-E0F1D318C5E4}.Debug|Win32.Build.0 = Debug|Win32
		{CFE3D950-7A8D-41BD-845A-E0F1D318C5E4}.Release|Win32.ActiveCfg = Release|Win32
		{CFE3D950-7A8D-41BD-845A-E0F1D318C5E4}.Release|Win32.Build.0 = Release|Win32
		{D40BB1E8-37EB-467E-9B16-B060942AAEA8}.Debug|Win32.ActiveCfg = Debug|Win32
		{D40BB1E8-37EB-467E-9B16-B060942AAEA8}.Debug|Win32.Build.0 = Debug|Win32
		{D40BB1E8-37EB-467E-9B16-B060942AAEA8}.Release|Win32.ActiveCfg = Release|Win32
		{D40BB1E8-37EB-467E-9B16-B060942AAEA8}.Release|Win32.Build.0 = Release|Win32
		{DE5875BB-15A2-473B-8FB9-44FFB8779EAC}.Debug|Win32.ActiveCfg = Debug|Win32
		{DE5875BB-15A2-473B-8FB9-44FFB8779EAC}.Debug|Win32.Build.0 = Debug|Win32
		{DE5875BB-15A2-473B-8FB9-44FFB8779EAC}.Release|Win32.ActiveCfg = Release|Win32
		{DE5875BB-15A2-473B-8FB9-44FFB8779EAC}.Release|Win32.Build.0 = Release|Win32
		{C166A828-3F80-49A5-BDA4-A8EB80623346}.Debug|Win32.ActiveCfg = Debug|Win32
		{C166A828-3F80-49A5-BDA4-A8EB80623346}.Debug|Win32.Build.0 = Debug|Win32
		{C166A828-3F80-49A5-BDA4-A8EB80623346}.Release|Win32.ActiveCfg = Release|Win32
		{C166A828-3F80-49A5-BDA4-A8EB80623346}.Release|Win32.Build.0 = Release|Win32
		{7410E9B0-CE04-4BF4-A1EB-580D05C5F3B6}.Debug|Win32.ActiveCfg = Debug|Win32
		{7410E9B0-CE04-4BF4-A1EB-580D05C5F3B6}.Debug|Win32.Build.0 = Debug|Win32
		{7410E9B0-CE04-4BF4-A1EB-580D05C5F3B6}.Release|Win32.ActiveCfg = Release|Win32
		{7410E9B0-CE04-4BF4-A1EB-580D05C5F3B6}.Release|Win32.Build.0 = Release|Win32
		{7A40EAEC-1BC4-46B8-BEA3-59180B042F9B}.Debug|Win32.ActiveCfg = Debug|Win32
		{7A40EAEC-1BC4-46B8-BEA3-59180B042F9B}.Debug|Win32.Build.0 = Debug|Win32
		{7A40EAEC-1BC4-46B8-BEA3-59180B042F9B}.Release|Win32.ActiveCfg = Release|Win32
		{7A40EAEC-1BC4-46B8-BEA3-59180B042F9B}.Release|Win32.Build.0 = Release|Win32
		{5C362F98-AC5A-4428-9224-A93A6579004F}.Debug|Win32.ActiveCfg = Debug|Win32
		{5C362F98-AC5A-4428-9224-A93A6579004F}.Debug|Win32.Build.0 = Debug|Win32
		{5C362F98-AC5A-4428-9224-A93A6579004F}.Release|Win32.ActiveCfg = Release|Win32
		{5C362F98-AC5A-4428-9224-A93A6579004F}.Release|Win32.Build.0 = Release|Win32
		{EA9B472F-C2F5-4086-B519-8189D3DB1340}.Debug|Win32.ActiveCfg = Debug|Win32
		{EA9B472F-C2F5-4086-B519-8189D3DB1340}.Debug|Win32.Build.0 = Debug|Win32
		{EA9B472F-C2F5-4086-B519-8189D3DB1340}.Release|Win32.ActiveCfg = Release|Win32
		{EA9B472F-C2F5-4086-B519-8189D3DB1340}.Release|Win32.Build.0 = Release|Win32
	EndGlobalSection
	GlobalSection(SolutionProperties) = preSolution
		HideSolutionNode = FALSE
	EndGlobalSection
	GlobalSection(NestedProjects) = preSolution
		{EA9B472F-C2F5-4086-B519-8189D3DB1340} = {28A3B570-9525-4332-B1F6-96D5C0484E77}
	EndGlobalSection
EndGlobal
