<?xml version="1.0" encoding="utf-8"?>
<Project ToolsVersion="4.0" xmlns="http://schemas.microsoft.com/developer/msbuild/2003">
  <ItemGroup>
    <Filter Include="Source Files">
      <UniqueIdentifier>{4FC737F1-C7A5-4376-A066-2A32D752A2FF}</UniqueIdentifier>
      <Extensions>cpp;c;cc;cxx;def;odl;idl;hpj;bat;asm;asmx</Extensions>
    </Filter>
    <Filter Include="Header Files">
      <UniqueIdentifier>{93995380-89BD-4b04-88EB-625FBE52EBFB}</UniqueIdentifier>
      <Extensions>h;hh;hpp;hxx;hm;inl;inc;xsd</Extensions>
    </Filter>
    <Filter Include="Resource Files">
      <UniqueIdentifier>{67DA6AB6-F800-4c08-8B7A-83BB121AAD01}</UniqueIdentifier>
      <Extensions>rc;ico;cur;bmp;dlg;rc2;rct;bin;rgs;gif;jpg;jpeg;jpe;resx;tiff;tif;png;wav;mfcribbon-ms</Extensions>
    </Filter>
  </ItemGroup>
  <ItemGroup>
    <ClCompile Include="Code\m_coll.cpp">
      <Filter>Source Files</Filter>
    </ClCompile>
    <ClCompile Include="Code\m_collision.cpp">
      <Filter>Source Files</Filter>
    </ClCompile>
    <ClCompile Include="Code\m_euler.cpp">
      <Filter>Source Files</Filter>
    </ClCompile>
    <ClCompile Include="Code\m_mulf.cpp">
      <Filter>Source Files</Filter>
    </ClCompile>
    <ClCompile Include="Code\m_plane.cpp">
      <Filter>Source Files</Filter>
    </ClCompile>
    <ClCompile Include="Code\m_quat.cpp">
      <Filter>Source Files</Filter>
    </ClCompile>
    <ClCompile Include="Code\m_random.cpp">
      <Filter>Source Files</Filter>
    </ClCompile>
    <ClCompile Include="Code\m_reduce.cpp">
      <Filter>Source Files</Filter>
    </ClCompile>
    <ClCompile Include="Code\template.cpp">
      <Filter>Source Files</Filter>
    </ClCompile>
  </ItemGroup>
  <ItemGroup>
    <None Include="Inc\m_mat.inc">
      <Filter>Header Files</Filter>
    </None>
    <None Include="Inc\m_quat.inc">
      <Filter>Header Files</Filter>
    </None>
    <None Include="Inc\m_trig.inc">
      <Filter>Header Files</Filter>
    </None>
    <None Include="Inc\m_vec.inc">
      <Filter>Header Files</Filter>
    </None>
  </ItemGroup>
  <ItemGroup>
    <ClInclude Include="Inc\ml.h">
      <Filter>Header Files</Filter>
    </ClInclude>
    <ClInclude Include="Inc\m_base.h">
      <Filter>Header Files</Filter>
    </ClInclude>
    <ClInclude Include="Inc\m_box.h">
      <Filter>Header Files</Filter>
    </ClInclude>
    <ClInclude Include="Inc\m_coll.h">
      <Filter>Header Files</Filter>
    </ClInclude>
    <ClInclude Include="Inc\m_collision.h">
      <Filter>Header Files</Filter>
    </ClInclude>
    <ClInclude Include="Inc\m_dist.h">
      <Filter>Header Files</Filter>
    </ClInclude>
    <ClInclude Include="Inc\m_dot.h">
      <Filter>Header Files</Filter>
    </ClInclude>
    <ClInclude Include="Inc\m_euler.h">
      <Filter>Header Files</Filter>
    </ClInclude>
    <ClInclude Include="Inc\m_lseg.h">
      <Filter>Header Files</Filter>
    </ClInclude>
    <ClInclude Include="Inc\m_mat2.h">
      <Filter>Header Files</Filter>
    </ClInclude>
    <ClInclude Include="Inc\m_mat3.h">
      <Filter>Header Files</Filter>
    </ClInclude>
    <ClInclude Include="Inc\m_mul.h">
      <Filter>Header Files</Filter>
    </ClInclude>
    <ClInclude Include="Inc\m_plane.h">
      <Filter>Header Files</Filter>
    </ClInclude>
    <ClInclude Include="Inc\m_plist.h">
      <Filter>Header Files</Filter>
    </ClInclude>
    <ClInclude Include="Inc\m_point.h">
      <Filter>Header Files</Filter>
    </ClInclude>
    <ClInclude Include="Inc\m_quat.h">
      <Filter>Header Files</Filter>
    </ClInclude>
    <ClInclude Include="Inc\m_random.h">
      <Filter>Header Files</Filter>
    </ClInclude>
    <ClInclude Include="Inc\m_rect.h">
      <Filter>Header Files</Filter>
    </ClInclude>
    <ClInclude Include="Inc\m_sphere.h">
      <Filter>Header Files</Filter>
    </ClInclude>
    <ClInclude Include="Inc\m_trig.h">
      <Filter>Header Files</Filter>
    </ClInclude>
  </ItemGroup>
  <ItemGroup>
    <CustomBuild Include="Code\m_atan.asm">
      <Filter>Source Files</Filter>
    </CustomBuild>
    <CustomBuild Include="Code\m_atrig.asm">
      <Filter>Source Files</Filter>
    </CustomBuild>
    <CustomBuild Include="Code\m_base.asm">
      <Filter>Source Files</Filter>
    </CustomBuild>
    <CustomBuild Include="Code\m_bscan.asm">
      <Filter>Source Files</Filter>
    </CustomBuild>
    <CustomBuild Include="Code\m_div.asm">
      <Filter>Source Files</Filter>
    </CustomBuild>
    <CustomBuild Include="Code\m_dot.asm">
      <Filter>Source Files</Filter>
    </CustomBuild>
    <CustomBuild Include="Code\m_fix.asm">
      <Filter>Source Files</Filter>
    </CustomBuild>
    <CustomBuild Include="Code\m_fpuCW.asm">
      <Filter>Source Files</Filter>
    </CustomBuild>
    <CustomBuild Include="Code\m_log.asm">
      <Filter>Source Files</Filter>
    </CustomBuild>
    <CustomBuild Include="Code\m_map.asm">
      <Filter>Source Files</Filter>
    </CustomBuild>
    <CustomBuild Include="Code\m_matf.asm">
      <Filter>Source Files</Filter>
    </CustomBuild>
    <CustomBuild Include="Code\m_mdiv.asm">
      <Filter>Source Files</Filter>
    </CustomBuild>
    <CustomBuild Include="Code\m_mul.asm">
      <Filter>Source Files</Filter>
    </CustomBuild>
    <CustomBuild Include="Code\m_quatf.asm">
      <Filter>Source Files</Filter>
    </CustomBuild>
    <CustomBuild Include="Code\m_trig.asm">
      <Filter>Source Files</Filter>
    </CustomBuild>
    <CustomBuild Include="Code\m_sqrt.asm">
      <Filter>Source Files</Filter>
    </CustomBuild>
  </ItemGroup>
</Project>