<?xml version="1.0" encoding="utf-8"?>
<Project ToolsVersion="4.0" xmlns="http://schemas.microsoft.com/developer/msbuild/2003">
  <ItemGroup>
    <Filter Include="Source Files">
      <UniqueIdentifier>{4FC737F1-C7A5-4376-A066-2A32D752A2FF}</UniqueIdentifier>
      <Extensions>cpp;c;cc;cxx;def;odl;idl;hpj;bat;asm;asmx</Extensions>
    </Filter>
    <Filter Include="Header Files">
      <UniqueIdentifier>{93995380-89BD-4b04-88EB-625FBE52EBFB}</UniqueIdentifier>
      <Extensions>h;hh;hpp;hxx;hm;inl;inc;xsd</Extensions>
    </Filter>
    <Filter Include="Resource Files">
      <UniqueIdentifier>{67DA6AB6-F800-4c08-8B7A-83BB121AAD01}</UniqueIdentifier>
      <Extensions>rc;ico;cur;bmp;dlg;rc2;rct;bin;rgs;gif;jpg;jpeg;jpe;resx;tiff;tif;png;wav;mfcribbon-ms</Extensions>
    </Filter>
  </ItemGroup>
  <ItemGroup>
    <ClInclude Include="Inc\ts.h">
      <Filter>Header Files</Filter>
    </ClInclude>
    <ClInclude Include="Inc\ts_BoundingBox.h">
      <Filter>Header Files</Filter>
    </ClInclude>
    <ClInclude Include="Inc\ts_camera.h">
      <Filter>Header Files</Filter>
    </ClInclude>
    <ClInclude Include="Inc\ts_CelAnimMesh.h">
      <Filter>Header Files</Filter>
    </ClInclude>
    <ClInclude Include="Inc\ts_color.h">
      <Filter>Header Files</Filter>
    </ClInclude>
    <ClInclude Include="Inc\ts_light.h">
      <Filter>Header Files</Filter>
    </ClInclude>
    <ClInclude Include="Inc\ts_material.h">
      <Filter>Header Files</Filter>
    </ClInclude>
    <ClInclude Include="Inc\ts_materialTypes.h">
      <Filter>Header Files</Filter>
    </ClInclude>
    <ClInclude Include="Inc\ts_partInstance.h">
      <Filter>Header Files</Filter>
    </ClInclude>
    <ClInclude Include="Inc\ts_plane.h">
      <Filter>Header Files</Filter>
    </ClInclude>
    <ClInclude Include="Inc\ts_pointArray.h">
      <Filter>Header Files</Filter>
    </ClInclude>
    <ClInclude Include="Inc\ts_poly.h">
      <Filter>Header Files</Filter>
    </ClInclude>
    <ClInclude Include="Inc\ts_RenderContext.h">
      <Filter>Header Files</Filter>
    </ClInclude>
    <ClInclude Include="Inc\ts_RenderItem.h">
      <Filter>Header Files</Filter>
    </ClInclude>
    <ClInclude Include="Inc\ts_Res.h">
      <Filter>Header Files</Filter>
    </ClInclude>
    <ClInclude Include="Inc\ts_shadow.h">
      <Filter>Header Files</Filter>
    </ClInclude>
    <ClInclude Include="Inc\ts_shape.h">
      <Filter>Header Files</Filter>
    </ClInclude>
    <ClInclude Include="Inc\ts_shapeInst.h">
      <Filter>Header Files</Filter>
    </ClInclude>
    <ClInclude Include="Inc\ts_transAnimMesh.h">
      <Filter>Header Files</Filter>
    </ClInclude>
    <ClInclude Include="Inc\ts_transform.h">
      <Filter>Header Files</Filter>
    </ClInclude>
    <ClInclude Include="Inc\ts_types.h">
      <Filter>Header Files</Filter>
    </ClInclude>
    <ClInclude Include="Inc\ts_vertex.h">
      <Filter>Header Files</Filter>
    </ClInclude>
  </ItemGroup>
  <ItemGroup>
    <ClCompile Include="code\ts_BoundingBox.cpp">
      <Filter>Source Files</Filter>
    </ClCompile>
    <ClCompile Include="code\ts_camera.cpp">
      <Filter>Source Files</Filter>
    </ClCompile>
    <ClCompile Include="code\ts_CelAnimMesh.cpp">
      <Filter>Source Files</Filter>
    </ClCompile>
    <ClCompile Include="code\ts_color.cpp">
      <Filter>Source Files</Filter>
    </ClCompile>
    <ClCompile Include="code\ts_light.cpp">
      <Filter>Source Files</Filter>
    </ClCompile>
    <ClCompile Include="code\ts_material.cpp">
      <Filter>Source Files</Filter>
    </ClCompile>
    <ClCompile Include="code\ts_matRender.cpp">
      <Filter>Source Files</Filter>
    </ClCompile>
    <ClCompile Include="code\ts_partInstance.cpp">
      <Filter>Source Files</Filter>
    </ClCompile>
    <ClCompile Include="code\ts_plane.cpp">
      <Filter>Source Files</Filter>
    </ClCompile>
    <ClCompile Include="code\ts_PointArray.cpp">
      <Filter>Source Files</Filter>
    </ClCompile>
    <ClCompile Include="code\ts_RenderContext.cpp">
      <Filter>Source Files</Filter>
    </ClCompile>
    <ClCompile Include="code\ts_shadow.cpp">
      <Filter>Source Files</Filter>
    </ClCompile>
    <ClCompile Include="code\ts_shape.cpp">
      <Filter>Source Files</Filter>
    </ClCompile>
    <ClCompile Include="code\ts_shapeInst.cpp">
      <Filter>Source Files</Filter>
    </ClCompile>
    <ClCompile Include="code\ts_template.cpp">
      <Filter>Source Files</Filter>
    </ClCompile>
    <ClCompile Include="code\ts_transform.cpp">
      <Filter>Source Files</Filter>
    </ClCompile>
    <ClCompile Include="code\ts_vertex.cpp">
      <Filter>Source Files</Filter>
    </ClCompile>
  </ItemGroup>
  <ItemGroup>
    <None Include="code\ts_fast.asm">
      <Filter>Source Files</Filter>
    </None>
  </ItemGroup>
</Project>