<?xml version="1.0" encoding="utf-8"?>
<Project ToolsVersion="4.0" xmlns="http://schemas.microsoft.com/developer/msbuild/2003">
  <ItemGroup>
    <Filter Include="Source Files">
      <UniqueIdentifier>{4FC737F1-C7A5-4376-A066-2A32D752A2FF}</UniqueIdentifier>
      <Extensions>cpp;c;cc;cxx;def;odl;idl;hpj;bat;asm;asmx</Extensions>
    </Filter>
    <Filter Include="Header Files">
      <UniqueIdentifier>{93995380-89BD-4b04-88EB-625FBE52EBFB}</UniqueIdentifier>
      <Extensions>h;hh;hpp;hxx;hm;inl;inc;xsd</Extensions>
    </Filter>
    <Filter Include="Resource Files">
      <UniqueIdentifier>{67DA6AB6-F800-4c08-8B7A-83BB121AAD01}</UniqueIdentifier>
      <Extensions>rc;ico;cur;bmp;dlg;rc2;rct;bin;rgs;gif;jpg;jpeg;jpe;resx;tiff;tif;png;wav;mfcribbon-ms</Extensions>
    </Filter>
  </ItemGroup>
  <ItemGroup>
    <None Include="code\generic.def">
      <Filter>Source Files</Filter>
    </None>
  </ItemGroup>
  <ItemGroup>
    <ClCompile Include="code\genericActions.cpp">
      <Filter>Source Files</Filter>
    </ClCompile>
    <ClCompile Include="code\inspect.cpp">
      <Filter>Source Files</Filter>
    </ClCompile>
    <ClCompile Include="code\inspectWindow.cpp">
      <Filter>Source Files</Filter>
    </ClCompile>
    <ClCompile Include="code\netCSDelegate.cpp">
      <Filter>Source Files</Filter>
    </ClCompile>
    <ClCompile Include="code\netEventManager.cpp">
      <Filter>Source Files</Filter>
    </ClCompile>
    <ClCompile Include="code\netGhostManager.cpp">
      <Filter>Source Files</Filter>
    </ClCompile>
    <ClCompile Include="code\netPacketStream.cpp">
      <Filter>Source Files</Filter>
    </ClCompile>
    <ClCompile Include="code\netTemplates.cpp">
      <Filter>Source Files</Filter>
    </ClCompile>
    <ClCompile Include="code\simAction.cpp">
      <Filter>Source Files</Filter>
    </ClCompile>
    <ClCompile Include="code\simBase.cpp">
      <Filter>Source Files</Filter>
    </ClCompile>
    <ClCompile Include="code\simCanvas.cpp">
      <Filter>Source Files</Filter>
    </ClCompile>
    <ClCompile Include="code\simCollideable.cpp">
      <Filter>Source Files</Filter>
    </ClCompile>
    <ClCompile Include="code\simCollision.cpp">
      <Filter>Source Files</Filter>
    </ClCompile>
    <ClCompile Include="code\simCollisionImages.cpp">
      <Filter>Source Files</Filter>
    </ClCompile>
    <ClCompile Include="code\simConsoleEvent.cpp">
      <Filter>Source Files</Filter>
    </ClCompile>
    <ClCompile Include="code\simConsolePlugin.cpp">
      <Filter>Source Files</Filter>
    </ClCompile>
    <ClCompile Include="code\simContainer.cpp">
      <Filter>Source Files</Filter>
    </ClCompile>
    <ClCompile Include="code\simCoordDB.cpp">
      <Filter>Source Files</Filter>
    </ClCompile>
    <ClCompile Include="code\simDictionary.cpp">
      <Filter>Source Files</Filter>
    </ClCompile>
    <ClCompile Include="code\SimDynamicDataPlugin.cpp">
      <Filter>Source Files</Filter>
    </ClCompile>
    <ClCompile Include="code\simDynamicLight.cpp">
      <Filter>Source Files</Filter>
    </ClCompile>
    <ClCompile Include="code\simev.cpp">
      <Filter>Source Files</Filter>
    </ClCompile>
    <ClCompile Include="code\simGame.cpp">
      <Filter>Source Files</Filter>
    </ClCompile>
    <ClCompile Include="code\simGuiConsolePlugin.cpp">
      <Filter>Source Files</Filter>
    </ClCompile>
    <ClCompile Include="code\simInput.cpp">
      <Filter>Source Files</Filter>
    </ClCompile>
    <ClCompile Include="code\simInputDevice.cpp">
      <Filter>Source Files</Filter>
    </ClCompile>
    <ClCompile Include="code\simLightGrp.cpp">
      <Filter>Source Files</Filter>
    </ClCompile>
    <ClCompile Include="code\simMovement.cpp">
      <Filter>Source Files</Filter>
    </ClCompile>
    <ClCompile Include="code\simNetObject.cpp">
      <Filter>Source Files</Filter>
    </ClCompile>
    <ClCompile Include="code\simPalette.cpp">
      <Filter>Source Files</Filter>
    </ClCompile>
    <ClCompile Include="code\simPersman.cpp">
      <Filter>Source Files</Filter>
    </ClCompile>
    <ClCompile Include="code\simPing.cpp">
      <Filter>Source Files</Filter>
    </ClCompile>
    <ClCompile Include="code\simPrefs.cpp">
      <Filter>Source Files</Filter>
    </ClCompile>
    <ClCompile Include="code\simPreLoadManager.cpp">
      <Filter>Source Files</Filter>
    </ClCompile>
    <ClCompile Include="code\simResource.cpp">
      <Filter>Source Files</Filter>
    </ClCompile>
    <ClCompile Include="code\simSetIterator.cpp">
      <Filter>Source Files</Filter>
    </ClCompile>
    <ClCompile Include="code\simTagDictionary.cpp">
      <Filter>Source Files</Filter>
    </ClCompile>
    <ClCompile Include="code\simTelnetPlugin.cpp">
      <Filter>Source Files</Filter>
    </ClCompile>
    <ClCompile Include="code\simTemplates.cpp">
      <Filter>Source Files</Filter>
    </ClCompile>
    <ClCompile Include="code\simTerrain.cpp">
      <Filter>Source Files</Filter>
    </ClCompile>
    <ClCompile Include="code\simTimerGrp.cpp">
      <Filter>Source Files</Filter>
    </ClCompile>
    <ClCompile Include="code\simToolwin.cpp">
      <Filter>Source Files</Filter>
    </ClCompile>
    <ClCompile Include="code\simTreeView.cpp">
      <Filter>Source Files</Filter>
    </ClCompile>
    <ClCompile Include="code\simVolume.cpp">
      <Filter>Source Files</Filter>
    </ClCompile>
    <ClCompile Include="code\simWorld.cpp">
      <Filter>Source Files</Filter>
    </ClCompile>
    <ClCompile Include="code\WinTools.cpp">
      <Filter>Source Files</Filter>
    </ClCompile>
  </ItemGroup>
  <ItemGroup>
    <ClInclude Include="inc\genericActions.h">
      <Filter>Header Files</Filter>
    </ClInclude>
    <ClInclude Include="inc\inspect.h">
      <Filter>Header Files</Filter>
    </ClInclude>
    <ClInclude Include="inc\inspectWindow.h">
      <Filter>Header Files</Filter>
    </ClInclude>
    <ClInclude Include="inc\netCSDelegate.h">
      <Filter>Header Files</Filter>
    </ClInclude>
    <ClInclude Include="inc\netEventManager.h">
      <Filter>Header Files</Filter>
    </ClInclude>
    <ClInclude Include="inc\netGhostManager.h">
      <Filter>Header Files</Filter>
    </ClInclude>
    <ClInclude Include="inc\netPacketStream.h">
      <Filter>Header Files</Filter>
    </ClInclude>
    <ClInclude Include="inc\sim.h">
      <Filter>Header Files</Filter>
    </ClInclude>
    <ClInclude Include="inc\sim3DEv.h">
      <Filter>Header Files</Filter>
    </ClInclude>
    <ClInclude Include="inc\simAction.h">
      <Filter>Header Files</Filter>
    </ClInclude>
    <ClInclude Include="inc\simBase.h">
      <Filter>Header Files</Filter>
    </ClInclude>
    <ClInclude Include="inc\simCamera.h">
      <Filter>Header Files</Filter>
    </ClInclude>
    <ClInclude Include="inc\simCanvas.h">
      <Filter>Header Files</Filter>
    </ClInclude>
    <ClInclude Include="inc\simCollideable.h">
      <Filter>Header Files</Filter>
    </ClInclude>
    <ClInclude Include="inc\simCollision.h">
      <Filter>Header Files</Filter>
    </ClInclude>
    <ClInclude Include="inc\simCollisionImages.h">
      <Filter>Header Files</Filter>
    </ClInclude>
    <ClInclude Include="inc\simConsoleEvent.h">
      <Filter>Header Files</Filter>
    </ClInclude>
    <ClInclude Include="inc\simConsolePlugin.h">
      <Filter>Header Files</Filter>
    </ClInclude>
    <ClInclude Include="inc\simContainer.h">
      <Filter>Header Files</Filter>
    </ClInclude>
    <ClInclude Include="inc\simCoordDB.h">
      <Filter>Header Files</Filter>
    </ClInclude>
    <ClInclude Include="inc\simDictionary.h">
      <Filter>Header Files</Filter>
    </ClInclude>
    <ClInclude Include="inc\SimDynamicDataPlugin.h">
      <Filter>Header Files</Filter>
    </ClInclude>
    <ClInclude Include="inc\simDynamicLight.h">
      <Filter>Header Files</Filter>
    </ClInclude>
    <ClInclude Include="inc\simEv.h">
      <Filter>Header Files</Filter>
    </ClInclude>
    <ClInclude Include="inc\simEvDcl.h">
      <Filter>Header Files</Filter>
    </ClInclude>
    <ClInclude Include="inc\simEvHandler.h">
      <Filter>Header Files</Filter>
    </ClInclude>
    <ClInclude Include="inc\simGame.h">
      <Filter>Header Files</Filter>
    </ClInclude>
    <ClInclude Include="inc\simGuiConsolePlugin.h">
      <Filter>Header Files</Filter>
    </ClInclude>
    <ClInclude Include="inc\simInput.h">
      <Filter>Header Files</Filter>
    </ClInclude>
    <ClInclude Include="inc\simInputDevice.h">
      <Filter>Header Files</Filter>
    </ClInclude>
    <ClInclude Include="inc\simLightGrp.h">
      <Filter>Header Files</Filter>
    </ClInclude>
    <ClInclude Include="inc\simMovement.h">
      <Filter>Header Files</Filter>
    </ClInclude>
    <ClInclude Include="inc\simNetObject.h">
      <Filter>Header Files</Filter>
    </ClInclude>
    <ClInclude Include="inc\simObjectTypes.h">
      <Filter>Header Files</Filter>
    </ClInclude>
    <ClInclude Include="inc\simPalette.h">
      <Filter>Header Files</Filter>
    </ClInclude>
    <ClInclude Include="inc\simPersistTags.h">
      <Filter>Header Files</Filter>
    </ClInclude>
    <ClInclude Include="inc\simPersman.h">
      <Filter>Header Files</Filter>
    </ClInclude>
    <ClInclude Include="inc\simPing.h">
      <Filter>Header Files</Filter>
    </ClInclude>
    <ClInclude Include="inc\simPrefs.h">
      <Filter>Header Files</Filter>
    </ClInclude>
    <ClInclude Include="inc\simPreLoadManager.h">
      <Filter>Header Files</Filter>
    </ClInclude>
    <ClInclude Include="inc\simRenderGrp.h">
      <Filter>Header Files</Filter>
    </ClInclude>
    <ClInclude Include="inc\simResource.h">
      <Filter>Header Files</Filter>
    </ClInclude>
    <ClInclude Include="inc\simSetIterator.h">
      <Filter>Header Files</Filter>
    </ClInclude>
    <ClInclude Include="inc\simTagDictionary.h">
      <Filter>Header Files</Filter>
    </ClInclude>
    <ClInclude Include="inc\simTelnetPlugin.h">
      <Filter>Header Files</Filter>
    </ClInclude>
    <ClInclude Include="inc\simTerrain.h">
      <Filter>Header Files</Filter>
    </ClInclude>
    <ClInclude Include="inc\simTime.h">
      <Filter>Header Files</Filter>
    </ClInclude>
    <ClInclude Include="inc\simTimerGrp.h">
      <Filter>Header Files</Filter>
    </ClInclude>
    <ClInclude Include="inc\simToolwin.h">
      <Filter>Header Files</Filter>
    </ClInclude>
    <ClInclude Include="inc\SimTreeView.h">
      <Filter>Header Files</Filter>
    </ClInclude>
    <ClInclude Include="inc\simVolume.h">
      <Filter>Header Files</Filter>
    </ClInclude>
    <ClInclude Include="inc\simWorld.h">
      <Filter>Header Files</Filter>
    </ClInclude>
    <ClInclude Include="inc\testGui.h">
      <Filter>Header Files</Filter>
    </ClInclude>
    <ClInclude Include="inc\wintools.h">
      <Filter>Header Files</Filter>
    </ClInclude>
  </ItemGroup>
</Project>