<?xml version="1.0" encoding="utf-8"?>
<Project ToolsVersion="4.0" xmlns="http://schemas.microsoft.com/developer/msbuild/2003">
  <ItemGroup>
    <Filter Include="Source Files">
      <UniqueIdentifier>{4FC737F1-C7A5-4376-A066-2A32D752A2FF}</UniqueIdentifier>
      <Extensions>cpp;c;cc;cxx;def;odl;idl;hpj;bat;asm;asmx</Extensions>
    </Filter>
    <Filter Include="Header Files">
      <UniqueIdentifier>{93995380-89BD-4b04-88EB-625FBE52EBFB}</UniqueIdentifier>
      <Extensions>h;hh;hpp;hxx;hm;inl;inc;xsd</Extensions>
    </Filter>
    <Filter Include="Resource Files">
      <UniqueIdentifier>{67DA6AB6-F800-4c08-8B7A-83BB121AAD01}</UniqueIdentifier>
      <Extensions>rc;ico;cur;bmp;dlg;rc2;rct;bin;rgs;gif;jpg;jpeg;jpe;resx;tiff;tif;png;wav;mfcribbon-ms</Extensions>
    </Filter>
  </ItemGroup>
  <ItemGroup>
    <None Include="code\generic.def">
      <Filter>Source Files</Filter>
    </None>
  </ItemGroup>
  <ItemGroup>
    <ClCompile Include="code\itr3dmimport.cpp">
      <Filter>Source Files</Filter>
    </ClCompile>
    <ClCompile Include="code\itrbasiclighting.cpp">
      <Filter>Source Files</Filter>
    </ClCompile>
    <ClCompile Include="code\itrbit.cpp">
      <Filter>Source Files</Filter>
    </ClCompile>
    <ClCompile Include="code\itrbsp.cpp">
      <Filter>Source Files</Filter>
    </ClCompile>
    <ClCompile Include="code\itrbuild.cpp">
      <Filter>Source Files</Filter>
    </ClCompile>
    <ClCompile Include="code\itrcollision.cpp">
      <Filter>Source Files</Filter>
    </ClCompile>
    <ClCompile Include="code\itrgeometry.cpp">
      <Filter>Source Files</Filter>
    </ClCompile>
    <ClCompile Include="code\itrinstance.cpp">
      <Filter>Source Files</Filter>
    </ClCompile>
    <ClCompile Include="code\itrlight.cpp">
      <Filter>Source Files</Filter>
    </ClCompile>
    <ClCompile Include="code\itrlighting.cpp">
      <Filter>Source Files</Filter>
    </ClCompile>
    <ClCompile Include="code\itrmatrix.cpp">
      <Filter>Source Files</Filter>
    </ClCompile>
    <ClCompile Include="code\itrmetrics.cpp">
      <Filter>Source Files</Filter>
    </ClCompile>
    <ClCompile Include="code\itrportal.cpp">
      <Filter>Source Files</Filter>
    </ClCompile>
    <ClCompile Include="code\itrrender.cpp">
      <Filter>Source Files</Filter>
    </ClCompile>
    <ClCompile Include="code\itrshape.cpp">
      <Filter>Source Files</Filter>
    </ClCompile>
    <ClCompile Include="code\itrShapeEdit.cpp">
      <Filter>Source Files</Filter>
    </ClCompile>
    <ClCompile Include="code\polyBSPClip.cpp">
      <Filter>Source Files</Filter>
    </ClCompile>
    <ClCompile Include="code\tplane.cpp">
      <Filter>Source Files</Filter>
    </ClCompile>
    <ClCompile Include="code\zedPersLight.cpp">
      <Filter>Source Files</Filter>
    </ClCompile>
    <ClCompile Include="code\zedSParse.cpp">
      <Filter>Source Files</Filter>
    </ClCompile>
  </ItemGroup>
  <ItemGroup>
    <ClInclude Include="inc\itr3dmimport.h">
      <Filter>Header Files</Filter>
    </ClInclude>
    <ClInclude Include="inc\itrbasiclighting.h">
      <Filter>Header Files</Filter>
    </ClInclude>
    <ClInclude Include="inc\itrbit.h">
      <Filter>Header Files</Filter>
    </ClInclude>
    <ClInclude Include="inc\itrbsp.h">
      <Filter>Header Files</Filter>
    </ClInclude>
    <ClInclude Include="inc\itrcache.h">
      <Filter>Header Files</Filter>
    </ClInclude>
    <ClInclude Include="inc\itrcollision.h">
      <Filter>Header Files</Filter>
    </ClInclude>
    <ClInclude Include="inc\itrDynamicLight.h">
      <Filter>Header Files</Filter>
    </ClInclude>
    <ClInclude Include="inc\itrgeometry.h">
      <Filter>Header Files</Filter>
    </ClInclude>
    <ClInclude Include="inc\itrinstance.h">
      <Filter>Header Files</Filter>
    </ClInclude>
    <ClInclude Include="inc\itrlighting.h">
      <Filter>Header Files</Filter>
    </ClInclude>
    <ClInclude Include="inc\itrmaterial.h">
      <Filter>Header Files</Filter>
    </ClInclude>
    <ClInclude Include="inc\itrmetrics.h">
      <Filter>Header Files</Filter>
    </ClInclude>
    <ClInclude Include="inc\itrplane.h">
      <Filter>Header Files</Filter>
    </ClInclude>
    <ClInclude Include="inc\itrportal.h">
      <Filter>Header Files</Filter>
    </ClInclude>
    <ClInclude Include="inc\itrradiositylighting.h">
      <Filter>Header Files</Filter>
    </ClInclude>
    <ClInclude Include="inc\itrrender.h">
      <Filter>Header Files</Filter>
    </ClInclude>
    <ClInclude Include="inc\itrres.h">
      <Filter>Header Files</Filter>
    </ClInclude>
    <ClInclude Include="inc\itrshape.h">
      <Filter>Header Files</Filter>
    </ClInclude>
    <ClInclude Include="inc\itrShapeEdit.h">
      <Filter>Header Files</Filter>
    </ClInclude>
    <ClInclude Include="inc\itrtsimport.h">
      <Filter>Header Files</Filter>
    </ClInclude>
    <ClInclude Include="inc\polyBSPClip.h">
      <Filter>Header Files</Filter>
    </ClInclude>
    <ClInclude Include="inc\tplane.h">
      <Filter>Header Files</Filter>
    </ClInclude>
    <ClInclude Include="inc\tpoly.h">
      <Filter>Header Files</Filter>
    </ClInclude>
    <ClInclude Include="inc\zedPersLight.h">
      <Filter>Header Files</Filter>
    </ClInclude>
  </ItemGroup>
</Project>