<?xml version="1.0" encoding="utf-8"?>
<Project ToolsVersion="4.0" xmlns="http://schemas.microsoft.com/developer/msbuild/2003">
  <ItemGroup>
    <Filter Include="Source Files">
      <UniqueIdentifier>{4FC737F1-C7A5-4376-A066-2A32D752A2FF}</UniqueIdentifier>
      <Extensions>cpp;c;cc;cxx;def;odl;idl;hpj;bat;asm;asmx</Extensions>
    </Filter>
    <Filter Include="Header Files">
      <UniqueIdentifier>{93995380-89BD-4b04-88EB-625FBE52EBFB}</UniqueIdentifier>
      <Extensions>h;hh;hpp;hxx;hm;inl;inc;xsd</Extensions>
    </Filter>
    <Filter Include="Resource Files">
      <UniqueIdentifier>{67DA6AB6-F800-4c08-8B7A-83BB121AAD01}</UniqueIdentifier>
      <Extensions>rc;ico;cur;bmp;dlg;rc2;rct;bin;rgs;gif;jpg;jpeg;jpe;resx;tiff;tif;png;wav;mfcribbon-ms</Extensions>
    </Filter>
  </ItemGroup>
  <ItemGroup>
    <ClCompile Include="code\chunkedBitmap.cpp">
      <Filter>Source Files</Filter>
    </ClCompile>
    <ClCompile Include="code\simGuiActiveCtrl.cpp">
      <Filter>Source Files</Filter>
    </ClCompile>
    <ClCompile Include="code\SimGuiAnimateBMA.cpp">
      <Filter>Source Files</Filter>
    </ClCompile>
    <ClCompile Include="code\simGuiArrayCtrl.cpp">
      <Filter>Source Files</Filter>
    </ClCompile>
    <ClCompile Include="code\simGuiBase.cpp">
      <Filter>Source Files</Filter>
    </ClCompile>
    <ClCompile Include="code\simGuiBitmapBox.cpp">
      <Filter>Source Files</Filter>
    </ClCompile>
    <ClCompile Include="code\simGuiBitmapCtrl.cpp">
      <Filter>Source Files</Filter>
    </ClCompile>
    <ClCompile Include="code\simGuiCanvas.cpp">
      <Filter>Source Files</Filter>
    </ClCompile>
    <ClCompile Include="code\simGuiComboBox.cpp">
      <Filter>Source Files</Filter>
    </ClCompile>
    <ClCompile Include="code\simGuiCtrl.cpp">
      <Filter>Source Files</Filter>
    </ClCompile>
    <ClCompile Include="code\simGuiDelegate.cpp">
      <Filter>Source Files</Filter>
    </ClCompile>
    <ClCompile Include="code\simGuiEditCtrl.cpp">
      <Filter>Source Files</Filter>
    </ClCompile>
    <ClCompile Include="code\SimGuiHelpCtrl.cpp">
      <Filter>Source Files</Filter>
    </ClCompile>
    <ClCompile Include="code\SimGuiMatrixCtrl.cpp">
      <Filter>Source Files</Filter>
    </ClCompile>
    <ClCompile Include="code\simGuiPaletteCtrl.cpp">
      <Filter>Source Files</Filter>
    </ClCompile>
    <ClCompile Include="code\simGuiPersTags.cpp">
      <Filter>Source Files</Filter>
    </ClCompile>
    <ClCompile Include="code\simGuiPlugin.cpp">
      <Filter>Source Files</Filter>
    </ClCompile>
    <ClCompile Include="code\simGuiProgressCtrl.cpp">
      <Filter>Source Files</Filter>
    </ClCompile>
    <ClCompile Include="code\simGuiScrollCtrl.cpp">
      <Filter>Source Files</Filter>
    </ClCompile>
    <ClCompile Include="code\simGuiSimpleText.cpp">
      <Filter>Source Files</Filter>
    </ClCompile>
    <ClCompile Include="code\simGuiSlider.cpp">
      <Filter>Source Files</Filter>
    </ClCompile>
    <ClCompile Include="code\simGuiTestButton.cpp">
      <Filter>Source Files</Filter>
    </ClCompile>
    <ClCompile Include="code\simguitestcheck.cpp">
      <Filter>Source Files</Filter>
    </ClCompile>
    <ClCompile Include="code\simGuiTestCtrl.cpp">
      <Filter>Source Files</Filter>
    </ClCompile>
    <ClCompile Include="code\simGuiTestRadial.cpp">
      <Filter>Source Files</Filter>
    </ClCompile>
    <ClCompile Include="code\simGuiTextEdit.cpp">
      <Filter>Source Files</Filter>
    </ClCompile>
    <ClCompile Include="code\SimGuiTextFormat.cpp">
      <Filter>Source Files</Filter>
    </ClCompile>
    <ClCompile Include="code\simGuiTextList.cpp">
      <Filter>Source Files</Filter>
    </ClCompile>
    <ClCompile Include="code\simGuiTextWrap.cpp">
      <Filter>Source Files</Filter>
    </ClCompile>
    <ClCompile Include="code\simGuiTimerCtrl.cpp">
      <Filter>Source Files</Filter>
    </ClCompile>
    <ClCompile Include="code\simGuiTSCtrl.cpp">
      <Filter>Source Files</Filter>
    </ClCompile>
  </ItemGroup>
  <ItemGroup>
    <ClInclude Include="inc\chunkedBitmap.h">
      <Filter>Header Files</Filter>
    </ClInclude>
    <ClInclude Include="inc\simGuiActiveCtrl.h">
      <Filter>Header Files</Filter>
    </ClInclude>
    <ClInclude Include="inc\SimGuiAnimateBMA.h">
      <Filter>Header Files</Filter>
    </ClInclude>
    <ClInclude Include="inc\simGuiArrayCtrl.h">
      <Filter>Header Files</Filter>
    </ClInclude>
    <ClInclude Include="inc\simGuiBase.h">
      <Filter>Header Files</Filter>
    </ClInclude>
    <ClInclude Include="inc\simGuiBitmapBox.h">
      <Filter>Header Files</Filter>
    </ClInclude>
    <ClInclude Include="inc\simGuiBitmapCtrl.h">
      <Filter>Header Files</Filter>
    </ClInclude>
    <ClInclude Include="inc\simGuiBulletSimpleText.h">
      <Filter>Header Files</Filter>
    </ClInclude>
    <ClInclude Include="inc\simGuiBulletTextWrap.h">
      <Filter>Header Files</Filter>
    </ClInclude>
    <ClInclude Include="inc\simGuiCanvas.h">
      <Filter>Header Files</Filter>
    </ClInclude>
    <ClInclude Include="inc\simGuiComboBox.h">
      <Filter>Header Files</Filter>
    </ClInclude>
    <ClInclude Include="inc\simGuiCtrl.h">
      <Filter>Header Files</Filter>
    </ClInclude>
    <ClInclude Include="inc\simGuiDelegate.h">
      <Filter>Header Files</Filter>
    </ClInclude>
    <ClInclude Include="inc\simGuiEditCtrl.h">
      <Filter>Header Files</Filter>
    </ClInclude>
    <ClInclude Include="inc\SimGuiHelpCtrl.h">
      <Filter>Header Files</Filter>
    </ClInclude>
    <ClInclude Include="inc\SimGuiMatrixCtrl.h">
      <Filter>Header Files</Filter>
    </ClInclude>
    <ClInclude Include="inc\simGuiPaletteCtrl.h">
      <Filter>Header Files</Filter>
    </ClInclude>
    <ClInclude Include="inc\simGuiPlugin.h">
      <Filter>Header Files</Filter>
    </ClInclude>
    <ClInclude Include="inc\simGuiProgressCtrl.h">
      <Filter>Header Files</Filter>
    </ClInclude>
    <ClInclude Include="inc\simGuiScrollCtrl.h">
      <Filter>Header Files</Filter>
    </ClInclude>
    <ClInclude Include="inc\simGuiSimpleText.h">
      <Filter>Header Files</Filter>
    </ClInclude>
    <ClInclude Include="inc\simGuiSlider.h">
      <Filter>Header Files</Filter>
    </ClInclude>
    <ClInclude Include="inc\simGuiTestButton.h">
      <Filter>Header Files</Filter>
    </ClInclude>
    <ClInclude Include="inc\simGuiTestCheck.h">
      <Filter>Header Files</Filter>
    </ClInclude>
    <ClInclude Include="inc\simGuiTestCtrl.h">
      <Filter>Header Files</Filter>
    </ClInclude>
    <ClInclude Include="inc\simGuiTestRadial.h">
      <Filter>Header Files</Filter>
    </ClInclude>
    <ClInclude Include="inc\simGuiTextEdit.h">
      <Filter>Header Files</Filter>
    </ClInclude>
    <ClInclude Include="inc\SimGuiTextFormat.h">
      <Filter>Header Files</Filter>
    </ClInclude>
    <ClInclude Include="inc\simGuiTextList.h">
      <Filter>Header Files</Filter>
    </ClInclude>
    <ClInclude Include="inc\simGuiTextWrap.h">
      <Filter>Header Files</Filter>
    </ClInclude>
    <ClInclude Include="inc\simGuiTimerCtrl.h">
      <Filter>Header Files</Filter>
    </ClInclude>
    <ClInclude Include="inc\simGuiTSCtrl.h">
      <Filter>Header Files</Filter>
    </ClInclude>
  </ItemGroup>
</Project>