<?xml version="1.0" encoding="utf-8"?>
<Project ToolsVersion="4.0" xmlns="http://schemas.microsoft.com/developer/msbuild/2003">
  <ItemGroup>
    <Filter Include="Source Files">
      <UniqueIdentifier>{4FC737F1-C7A5-4376-A066-2A32D752A2FF}</UniqueIdentifier>
      <Extensions>cpp;c;cc;cxx;def;odl;idl;hpj;bat;asm;asmx</Extensions>
    </Filter>
    <Filter Include="Header Files">
      <UniqueIdentifier>{93995380-89BD-4b04-88EB-625FBE52EBFB}</UniqueIdentifier>
      <Extensions>h;hh;hpp;hxx;hm;inl;inc;xsd</Extensions>
    </Filter>
    <Filter Include="Resource Files">
      <UniqueIdentifier>{67DA6AB6-F800-4c08-8B7A-83BB121AAD01}</UniqueIdentifier>
      <Extensions>rc;ico;cur;bmp;dlg;rc2;rct;bin;rgs;gif;jpg;jpeg;jpe;resx;tiff;tif;png;wav;mfcribbon-ms</Extensions>
    </Filter>
  </ItemGroup>
  <ItemGroup>
    <ClCompile Include="Code\grdBlock.cpp">
      <Filter>Source Files</Filter>
    </ClCompile>
    <ClCompile Include="Code\grdcollision.cpp">
      <Filter>Source Files</Filter>
    </ClCompile>
    <ClCompile Include="Code\grdEdgeTable.cpp">
      <Filter>Source Files</Filter>
    </ClCompile>
    <ClCompile Include="Code\grdFile.cpp">
      <Filter>Source Files</Filter>
    </ClCompile>
    <ClCompile Include="Code\grdHeight.cpp">
      <Filter>Source Files</Filter>
    </ClCompile>
    <ClCompile Include="Code\grdHRLM.cpp">
      <Filter>Source Files</Filter>
    </ClCompile>
    <ClCompile Include="Code\grdMipMake.cpp">
      <Filter>Source Files</Filter>
    </ClCompile>
    <ClCompile Include="Code\grdRender.cpp">
      <Filter>Source Files</Filter>
    </ClCompile>
    <ClCompile Include="Code\grdTemplate.cpp">
      <Filter>Source Files</Filter>
    </ClCompile>
    <ClCompile Include="Code\viewcone.cpp">
      <Filter>Source Files</Filter>
    </ClCompile>
  </ItemGroup>
  <ItemGroup>
    <ClInclude Include="Inc\grd.h">
      <Filter>Header Files</Filter>
    </ClInclude>
    <ClInclude Include="Inc\grdBlock.h">
      <Filter>Header Files</Filter>
    </ClInclude>
    <ClInclude Include="Inc\grdcollision.h">
      <Filter>Header Files</Filter>
    </ClInclude>
    <ClInclude Include="Inc\grdEdgeTable.h">
      <Filter>Header Files</Filter>
    </ClInclude>
    <ClInclude Include="Inc\grdFile.h">
      <Filter>Header Files</Filter>
    </ClInclude>
    <ClInclude Include="Inc\grdHeight.h">
      <Filter>Header Files</Filter>
    </ClInclude>
    <ClInclude Include="Inc\grdHRLM.h">
      <Filter>Header Files</Filter>
    </ClInclude>
    <ClInclude Include="Inc\grdMetrics.h">
      <Filter>Header Files</Filter>
    </ClInclude>
    <ClInclude Include="Inc\grdRange.h">
      <Filter>Header Files</Filter>
    </ClInclude>
    <ClInclude Include="Inc\grdRender.h">
      <Filter>Header Files</Filter>
    </ClInclude>
    <ClInclude Include="Inc\viewcone.h">
      <Filter>Header Files</Filter>
    </ClInclude>
  </ItemGroup>
  <ItemGroup>
    <CustomBuild Include="Code\mipBlit.asm">
      <Filter>Source Files</Filter>
    </CustomBuild>
  </ItemGroup>
</Project>