
Microsoft Visual Studio Solution File, Format Version 12.00
# Visual Studio 2013
VisualStudioVersion = 12.0.30915.1
MinimumVisualStudioVersion = 10.0.40219.1
Project("{8BC9CEB8-8B4A-11D0-8D11-00A0C91BC942}") = "Fear", "Fear.vcxproj", "{D244B07B-0C74-4863-9DE0-AFC06A56F46E}"
EndProject
Global
	GlobalSection(SolutionConfigurationPlatforms) = preSolution
		Debug|Win32 = Debug|Win32
		FearNuMega|Win32 = FearNuMega|Win32
		NuMega|Win32 = NuMega|Win32
		Release|Win32 = Release|Win32
	EndGlobalSection
	GlobalSection(ProjectConfigurationPlatforms) = postSolution
		{D244B07B-0C74-4863-9DE0-AFC06A56F46E}.Debug|Win32.ActiveCfg = Debug|Win32
		{D244B07B-0C74-4863-9DE0-AFC06A56F46E}.Debug|Win32.Build.0 = Debug|Win32
		{D244B07B-0C74-4863-9DE0-AFC06A56F46E}.FearNuMega|Win32.ActiveCfg = FearNuMega|Win32
		{D244B07B-0C74-4863-9DE0-AFC06A56F46E}.FearNuMega|Win32.Build.0 = FearNuMega|Win32
		{D244B07B-0C74-4863-9DE0-AFC06A56F46E}.NuMega|Win32.ActiveCfg = NuMega|Win32
		{D244B07B-0C74-4863-9DE0-AFC06A56F46E}.NuMega|Win32.Build.0 = NuMega|Win32
		{D244B07B-0C74-4863-9DE0-AFC06A56F46E}.Release|Win32.ActiveCfg = Release|Win32
		{D244B07B-0C74-4863-9DE0-AFC06A56F46E}.Release|Win32.Build.0 = Release|Win32
	EndGlobalSection
	GlobalSection(SolutionProperties) = preSolution
		HideSolutionNode = FALSE
	EndGlobalSection
EndGlobal
