<?xml version="1.0" encoding="utf-8"?>
<Project ToolsVersion="4.0" xmlns="http://schemas.microsoft.com/developer/msbuild/2003">
  <ItemGroup>
    <Filter Include="Source Files">
      <UniqueIdentifier>{4FC737F1-C7A5-4376-A066-2A32D752A2FF}</UniqueIdentifier>
      <Extensions>cpp;c;cc;cxx;def;odl;idl;hpj;bat;asm;asmx</Extensions>
    </Filter>
    <Filter Include="Header Files">
      <UniqueIdentifier>{93995380-89BD-4b04-88EB-625FBE52EBFB}</UniqueIdentifier>
      <Extensions>h;hh;hpp;hxx;hm;inl;inc;xsd</Extensions>
    </Filter>
    <Filter Include="Resource Files">
      <UniqueIdentifier>{67DA6AB6-F800-4c08-8B7A-83BB121AAD01}</UniqueIdentifier>
      <Extensions>rc;ico;cur;bmp;dlg;rc2;rct;bin;rgs;gif;jpg;jpeg;jpe;resx;tiff;tif;png;wav;mfcribbon-ms</Extensions>
    </Filter>
  </ItemGroup>
  <ItemGroup>
    <ClCompile Include="code\base.cpp">
      <Filter>Source Files</Filter>
    </ClCompile>
    <ClCompile Include="code\bitset.cpp">
      <Filter>Source Files</Filter>
    </ClCompile>
    <ClCompile Include="code\bitstream.cpp">
      <Filter>Source Files</Filter>
    </ClCompile>
    <ClCompile Include="code\blkstrm.cpp">
      <Filter>Source Files</Filter>
    </ClCompile>
    <ClCompile Include="code\CORE.CPP">
      <Filter>Source Files</Filter>
    </ClCompile>
    <ClCompile Include="code\crc16.cpp">
      <Filter>Source Files</Filter>
    </ClCompile>
    <ClCompile Include="code\fileName.cpp">
      <Filter>Source Files</Filter>
    </ClCompile>
    <ClCompile Include="code\filrstrm.cpp">
      <Filter>Source Files</Filter>
    </ClCompile>
    <ClCompile Include="code\filstrm.cpp">
      <Filter>Source Files</Filter>
    </ClCompile>
    <ClCompile Include="code\filwstrm.cpp">
      <Filter>Source Files</Filter>
    </ClCompile>
    <ClCompile Include="code\lzhrstrm.cpp">
      <Filter>Source Files</Filter>
    </ClCompile>
    <ClCompile Include="code\lzhuff.cpp">
      <Filter>Source Files</Filter>
    </ClCompile>
    <ClCompile Include="code\lzhwstrm.cpp">
      <Filter>Source Files</Filter>
    </ClCompile>
    <ClCompile Include="code\memstrm.cpp">
      <Filter>Source Files</Filter>
    </ClCompile>
    <ClCompile Include="code\m_qsort.cpp">
      <Filter>Source Files</Filter>
    </ClCompile>
    <ClCompile Include="code\PERSIST.CPP">
      <Filter>Source Files</Filter>
    </ClCompile>
    <ClCompile Include="code\registry.cpp">
      <Filter>Source Files</Filter>
    </ClCompile>
    <ClCompile Include="code\resDictionary.cpp">
      <Filter>Source Files</Filter>
    </ClCompile>
    <ClCompile Include="code\resManager.cpp">
      <Filter>Source Files</Filter>
    </ClCompile>
    <ClCompile Include="code\rlerstrm.cpp">
      <Filter>Source Files</Filter>
    </ClCompile>
    <ClCompile Include="code\rlewstrm.cpp">
      <Filter>Source Files</Filter>
    </ClCompile>
    <ClCompile Include="code\RVecAlloc.cpp">
      <Filter>Source Files</Filter>
    </ClCompile>
    <ClCompile Include="code\streamio.cpp">
      <Filter>Source Files</Filter>
    </ClCompile>
    <ClCompile Include="code\stringTable.cpp">
      <Filter>Source Files</Filter>
    </ClCompile>
    <ClCompile Include="code\threadBase.cpp">
      <Filter>Source Files</Filter>
    </ClCompile>
    <ClCompile Include="code\timer.cpp">
      <Filter>Source Files</Filter>
    </ClCompile>
    <ClCompile Include="code\volstrm.cpp">
      <Filter>Source Files</Filter>
    </ClCompile>
  </ItemGroup>
  <ItemGroup>
    <None Include="inc\types.inc">
      <Filter>Header Files</Filter>
    </None>
  </ItemGroup>
  <ItemGroup>
    <ClInclude Include="inc\base.h">
      <Filter>Header Files</Filter>
    </ClInclude>
    <ClInclude Include="inc\BitGrid.h">
      <Filter>Header Files</Filter>
    </ClInclude>
    <ClInclude Include="inc\bitset.h">
      <Filter>Header Files</Filter>
    </ClInclude>
    <ClInclude Include="inc\bitstream.h">
      <Filter>Header Files</Filter>
    </ClInclude>
    <ClInclude Include="inc\blkstrm.h">
      <Filter>Header Files</Filter>
    </ClInclude>
    <ClInclude Include="inc\CORE.H">
      <Filter>Header Files</Filter>
    </ClInclude>
    <ClInclude Include="inc\coreRes.h">
      <Filter>Header Files</Filter>
    </ClInclude>
    <ClInclude Include="inc\crc16.h">
      <Filter>Header Files</Filter>
    </ClInclude>
    <ClInclude Include="inc\diction.h">
      <Filter>Header Files</Filter>
    </ClInclude>
    <ClInclude Include="inc\filedefs.h">
      <Filter>Header Files</Filter>
    </ClInclude>
    <ClInclude Include="inc\fileName.h">
      <Filter>Header Files</Filter>
    </ClInclude>
    <ClInclude Include="inc\filstrm.h">
      <Filter>Header Files</Filter>
    </ClInclude>
    <ClInclude Include="inc\link.h">
      <Filter>Header Files</Filter>
    </ClInclude>
    <ClInclude Include="inc\lock.h">
      <Filter>Header Files</Filter>
    </ClInclude>
    <ClInclude Include="inc\lzhstrm.h">
      <Filter>Header Files</Filter>
    </ClInclude>
    <ClInclude Include="inc\memstrm.h">
      <Filter>Header Files</Filter>
    </ClInclude>
    <ClInclude Include="inc\m_qsort.h">
      <Filter>Header Files</Filter>
    </ClInclude>
    <ClInclude Include="inc\m_trig.h">
      <Filter>Header Files</Filter>
    </ClInclude>
    <ClInclude Include="inc\PERSIST.H">
      <Filter>Header Files</Filter>
    </ClInclude>
    <ClInclude Include="inc\PriorityQueue.h">
      <Filter>Header Files</Filter>
    </ClInclude>
    <ClInclude Include="inc\registry.h">
      <Filter>Header Files</Filter>
    </ClInclude>
    <ClInclude Include="inc\resManager.h">
      <Filter>Header Files</Filter>
    </ClInclude>
    <ClInclude Include="inc\rlestrm.h">
      <Filter>Header Files</Filter>
    </ClInclude>
    <ClInclude Include="inc\RVecAlloc.h">
      <Filter>Header Files</Filter>
    </ClInclude>
    <ClInclude Include="inc\Steppers.h">
      <Filter>Header Files</Filter>
    </ClInclude>
    <ClInclude Include="inc\streamio.h">
      <Filter>Header Files</Filter>
    </ClInclude>
    <ClInclude Include="inc\streams.h">
      <Filter>Header Files</Filter>
    </ClInclude>
    <ClInclude Include="inc\stringTable.h">
      <Filter>Header Files</Filter>
    </ClInclude>
    <ClInclude Include="inc\talgorithm.h">
      <Filter>Header Files</Filter>
    </ClInclude>
    <ClInclude Include="inc\tBinaryHeap.h">
      <Filter>Header Files</Filter>
    </ClInclude>
    <ClInclude Include="inc\tBitVector.h">
      <Filter>Header Files</Filter>
    </ClInclude>
    <ClInclude Include="inc\tFifo.h">
      <Filter>Header Files</Filter>
    </ClInclude>
    <ClInclude Include="inc\threadBase.h">
      <Filter>Header Files</Filter>
    </ClInclude>
    <ClInclude Include="inc\timer.h">
      <Filter>Header Files</Filter>
    </ClInclude>
    <ClInclude Include="inc\tio.h">
      <Filter>Header Files</Filter>
    </ClInclude>
    <ClInclude Include="inc\tMap.h">
      <Filter>Header Files</Filter>
    </ClInclude>
    <ClInclude Include="inc\tMHashMap.h">
      <Filter>Header Files</Filter>
    </ClInclude>
    <ClInclude Include="inc\tNTuple.h">
      <Filter>Header Files</Filter>
    </ClInclude>
    <ClInclude Include="inc\tRVector.h">
      <Filter>Header Files</Filter>
    </ClInclude>
    <ClInclude Include="inc\tsorted.h">
      <Filter>Header Files</Filter>
    </ClInclude>
    <ClInclude Include="inc\tString.h">
      <Filter>Header Files</Filter>
    </ClInclude>
    <ClInclude Include="inc\tVarArray.h">
      <Filter>Header Files</Filter>
    </ClInclude>
    <ClInclude Include="inc\tVector.h">
      <Filter>Header Files</Filter>
    </ClInclude>
    <ClInclude Include="inc\types.h">
      <Filter>Header Files</Filter>
    </ClInclude>
    <ClInclude Include="inc\volstrm.h">
      <Filter>Header Files</Filter>
    </ClInclude>
  </ItemGroup>
  <ItemGroup>
    <CustomBuild Include="code\types.asm">
      <Filter>Source Files</Filter>
    </CustomBuild>
  </ItemGroup>
</Project>