<?xml version="1.0" encoding="utf-8"?>
<Project ToolsVersion="4.0" xmlns="http://schemas.microsoft.com/developer/msbuild/2003">
  <ItemGroup>
    <Filter Include="Source Files">
      <UniqueIdentifier>{4FC737F1-C7A5-4376-A066-2A32D752A2FF}</UniqueIdentifier>
      <Extensions>cpp;c;cc;cxx;def;odl;idl;hpj;bat;asm;asmx</Extensions>
    </Filter>
    <Filter Include="Header Files">
      <UniqueIdentifier>{93995380-89BD-4b04-88EB-625FBE52EBFB}</UniqueIdentifier>
      <Extensions>h;hh;hpp;hxx;hm;inl;inc;xsd</Extensions>
    </Filter>
    <Filter Include="Resource Files">
      <UniqueIdentifier>{67DA6AB6-F800-4c08-8B7A-83BB121AAD01}</UniqueIdentifier>
      <Extensions>rc;ico;cur;bmp;dlg;rc2;rct;bin;rgs;gif;jpg;jpeg;jpe;resx;tiff;tif;png;wav;mfcribbon-ms</Extensions>
    </Filter>
  </ItemGroup>
  <ItemGroup>
    <None Include="inc\g_contxt.inc">
      <Filter>Header Files</Filter>
    </None>
    <None Include="inc\g_macros.inc">
      <Filter>Header Files</Filter>
    </None>
    <None Include="inc\g_raster.inc">
      <Filter>Header Files</Filter>
    </None>
  </ItemGroup>
  <ItemGroup>
    <ClCompile Include="code\b_draw.cpp">
      <Filter>Source Files</Filter>
    </ClCompile>
    <ClCompile Include="code\c_draw.cpp">
      <Filter>Source Files</Filter>
    </ClCompile>
    <ClCompile Include="code\ddrawerr.cpp">
      <Filter>Source Files</Filter>
    </ClCompile>
    <ClCompile Include="code\fn_table.cpp">
      <Filter>Source Files</Filter>
    </ClCompile>
    <ClCompile Include="code\gbase.cpp">
      <Filter>Source Files</Filter>
    </ClCompile>
    <ClCompile Include="code\gdevice.cpp">
      <Filter>Source Files</Filter>
    </ClCompile>
    <ClCompile Include="code\gdmanag.cpp">
      <Filter>Source Files</Filter>
    </ClCompile>
    <ClCompile Include="code\gfxRes.cpp">
      <Filter>Source Files</Filter>
    </ClCompile>
    <ClCompile Include="code\gglidedev.cpp">
      <Filter>Source Files</Filter>
    </ClCompile>
    <ClCompile Include="code\glidein.cpp">
      <Filter>Source Files</Filter>
    </ClCompile>
    <ClCompile Include="code\glidesfc.cpp">
      <Filter>Source Files</Filter>
    </ClCompile>
    <ClCompile Include="code\glidetx.cpp">
      <Filter>Source Files</Filter>
    </ClCompile>
    <ClCompile Include="code\glLoader.cpp">
      <Filter>Source Files</Filter>
    </ClCompile>
    <ClCompile Include="code\gOGLDev.cpp">
      <Filter>Source Files</Filter>
    </ClCompile>
    <ClCompile Include="code\gOGLFn.cpp">
      <Filter>Source Files</Filter>
    </ClCompile>
    <ClCompile Include="code\gOGLSfc.cpp">
      <Filter>Source Files</Filter>
    </ClCompile>
    <ClCompile Include="code\gOGLTCache.cpp">
      <Filter>Source Files</Filter>
    </ClCompile>
    <ClCompile Include="code\gOGLTx.cpp">
      <Filter>Source Files</Filter>
    </ClCompile>
    <ClCompile Include="code\gsdevice.cpp">
      <Filter>Source Files</Filter>
    </ClCompile>
    <ClCompile Include="code\g_barray.cpp">
      <Filter>Source Files</Filter>
    </ClCompile>
    <ClCompile Include="code\g_bitmap.cpp">
      <Filter>Source Files</Filter>
    </ClCompile>
    <ClCompile Include="code\g_cds.cpp">
      <Filter>Source Files</Filter>
    </ClCompile>
    <ClCompile Include="code\g_clear.cpp">
      <Filter>Source Files</Filter>
    </ClCompile>
    <ClCompile Include="code\g_clip.cpp">
      <Filter>Source Files</Filter>
    </ClCompile>
    <ClCompile Include="code\g_ddraw.cpp">
      <Filter>Source Files</Filter>
    </ClCompile>
    <ClCompile Include="code\g_font.cpp">
      <Filter>Source Files</Filter>
    </ClCompile>
    <ClCompile Include="code\g_fontrend.cpp">
      <Filter>Source Files</Filter>
    </ClCompile>
    <ClCompile Include="code\g_mem.cpp">
      <Filter>Source Files</Filter>
    </ClCompile>
    <ClCompile Include="code\g_pal.cpp">
      <Filter>Source Files</Filter>
    </ClCompile>
    <ClCompile Include="code\g_point.cpp">
      <Filter>Source Files</Filter>
    </ClCompile>
    <ClCompile Include="code\g_sub.cpp">
      <Filter>Source Files</Filter>
    </ClCompile>
    <ClCompile Include="code\g_surfac.cpp">
      <Filter>Source Files</Filter>
    </ClCompile>
    <ClCompile Include="code\l_draw.cpp">
      <Filter>Source Files</Filter>
    </ClCompile>
    <ClCompile Include="code\m_random.cpp">
      <Filter>Source Files</Filter>
    </ClCompile>
    <ClCompile Include="code\palMap.cpp">
      <Filter>Source Files</Filter>
    </ClCompile>
    <ClCompile Include="code\p_edge.cpp">
      <Filter>Source Files</Filter>
    </ClCompile>
    <ClCompile Include="code\p_funcs.cpp">
      <Filter>Source Files</Filter>
    </ClCompile>
    <ClCompile Include="code\p_txcach.cpp">
      <Filter>Source Files</Filter>
    </ClCompile>
    <ClCompile Include="code\r_draw.cpp">
      <Filter>Source Files</Filter>
    </ClCompile>
    <ClCompile Include="code\writfunc.cpp">
      <Filter>Source Files</Filter>
    </ClCompile>
  </ItemGroup>
  <ItemGroup>
    <ClInclude Include="inc\ddrawerr.h">
      <Filter>Header Files</Filter>
    </ClInclude>
    <ClInclude Include="inc\d_caps.h">
      <Filter>Header Files</Filter>
    </ClInclude>
    <ClInclude Include="inc\d_defs.h">
      <Filter>Header Files</Filter>
    </ClInclude>
    <ClInclude Include="inc\d_funcs.h">
      <Filter>Header Files</Filter>
    </ClInclude>
    <ClInclude Include="inc\fn_all.h">
      <Filter>Header Files</Filter>
    </ClInclude>
    <ClInclude Include="inc\fn_table.h">
      <Filter>Header Files</Filter>
    </ClInclude>
    <ClInclude Include="inc\gdevice.h">
      <Filter>Header Files</Filter>
    </ClInclude>
    <ClInclude Include="inc\gdmanag.h">
      <Filter>Header Files</Filter>
    </ClInclude>
    <ClInclude Include="inc\gfxmetrics.h">
      <Filter>Header Files</Filter>
    </ClInclude>
    <ClInclude Include="inc\gfxRes.h">
      <Filter>Header Files</Filter>
    </ClInclude>
    <ClInclude Include="inc\gglidedev.h">
      <Filter>Header Files</Filter>
    </ClInclude>
    <ClInclude Include="inc\glidesfc.h">
      <Filter>Header Files</Filter>
    </ClInclude>
    <ClInclude Include="inc\glidetx.h">
      <Filter>Header Files</Filter>
    </ClInclude>
    <ClInclude Include="inc\gOGLDev.h">
      <Filter>Header Files</Filter>
    </ClInclude>
    <ClInclude Include="inc\gOGLSfc.h">
      <Filter>Header Files</Filter>
    </ClInclude>
    <ClInclude Include="inc\gOGLTCache.h">
      <Filter>Header Files</Filter>
    </ClInclude>
    <ClInclude Include="inc\gOGLTx.h">
      <Filter>Header Files</Filter>
    </ClInclude>
    <ClInclude Include="inc\gsdevice.h">
      <Filter>Header Files</Filter>
    </ClInclude>
    <ClInclude Include="inc\gSGLDev.h">
      <Filter>Header Files</Filter>
    </ClInclude>
    <ClInclude Include="inc\gSGLSfc.h">
      <Filter>Header Files</Filter>
    </ClInclude>
    <ClInclude Include="inc\g_barray.h">
      <Filter>Header Files</Filter>
    </ClInclude>
    <ClInclude Include="inc\g_bitmap.h">
      <Filter>Header Files</Filter>
    </ClInclude>
    <ClInclude Include="inc\g_cds.h">
      <Filter>Header Files</Filter>
    </ClInclude>
    <ClInclude Include="inc\g_contxt.h">
      <Filter>Header Files</Filter>
    </ClInclude>
    <ClInclude Include="inc\g_ddraw.h">
      <Filter>Header Files</Filter>
    </ClInclude>
    <ClInclude Include="inc\g_font.h">
      <Filter>Header Files</Filter>
    </ClInclude>
    <ClInclude Include="inc\g_fontedit.h">
      <Filter>Header Files</Filter>
    </ClInclude>
    <ClInclude Include="inc\g_mem.h">
      <Filter>Header Files</Filter>
    </ClInclude>
    <ClInclude Include="inc\g_pal.h">
      <Filter>Header Files</Filter>
    </ClInclude>
    <ClInclude Include="inc\g_raster.h">
      <Filter>Header Files</Filter>
    </ClInclude>
    <ClInclude Include="inc\g_sub.h">
      <Filter>Header Files</Filter>
    </ClInclude>
    <ClInclude Include="inc\g_surfac.h">
      <Filter>Header Files</Filter>
    </ClInclude>
    <ClInclude Include="inc\g_timer.h">
      <Filter>Header Files</Filter>
    </ClInclude>
    <ClInclude Include="inc\g_types.h">
      <Filter>Header Files</Filter>
    </ClInclude>
    <ClInclude Include="inc\palMap.h">
      <Filter>Header Files</Filter>
    </ClInclude>
    <ClInclude Include="inc\p_edge.h">
      <Filter>Header Files</Filter>
    </ClInclude>
    <ClInclude Include="inc\p_funcs.h">
      <Filter>Header Files</Filter>
    </ClInclude>
    <ClInclude Include="inc\p_tce.h">
      <Filter>Header Files</Filter>
    </ClInclude>
    <ClInclude Include="inc\p_txcach.h">
      <Filter>Header Files</Filter>
    </ClInclude>
    <ClInclude Include="inc\rn_manag.h">
      <Filter>Header Files</Filter>
    </ClInclude>
    <ClInclude Include="inc\r_clip.h">
      <Filter>Header Files</Filter>
    </ClInclude>
  </ItemGroup>
  <ItemGroup>
    <CustomBuild Include="code\b_blit.asm">
      <Filter>Source Files</Filter>
    </CustomBuild>
    <CustomBuild Include="code\c_raster.asm">
      <Filter>Source Files</Filter>
    </CustomBuild>
    <CustomBuild Include="code\g_bm.asm">
      <Filter>Source Files</Filter>
    </CustomBuild>
    <CustomBuild Include="code\g_cleara.asm">
      <Filter>Source Files</Filter>
    </CustomBuild>
    <CustomBuild Include="code\g_contxt.asm">
      <Filter>Source Files</Filter>
    </CustomBuild>
    <CustomBuild Include="code\g_timer.asm">
      <Filter>Source Files</Filter>
    </CustomBuild>
    <CustomBuild Include="code\l_raster.asm">
      <Filter>Source Files</Filter>
    </CustomBuild>
    <CustomBuild Include="code\p_rastdc.asm">
      <Filter>Source Files</Filter>
    </CustomBuild>
    <CustomBuild Include="code\p_rastn.asm">
      <Filter>Source Files</Filter>
    </CustomBuild>
    <CustomBuild Include="code\p_scane.asm">
      <Filter>Source Files</Filter>
    </CustomBuild>
    <CustomBuild Include="code\p_txrc.asm">
      <Filter>Source Files</Filter>
    </CustomBuild>
    <CustomBuild Include="code\r_raster.asm">
      <Filter>Source Files</Filter>
    </CustomBuild>
    <CustomBuild Include="code\rn_fill.asm">
      <Filter>Source Files</Filter>
    </CustomBuild>
    <CustomBuild Include="code\rn_nontx.asm">
      <Filter>Source Files</Filter>
    </CustomBuild>
    <CustomBuild Include="code\rn_filln.asm">
      <Filter>Source Files</Filter>
    </CustomBuild>
    <CustomBuild Include="code\rn_nptex.asm">
      <Filter>Source Files</Filter>
    </CustomBuild>
    <CustomBuild Include="code\rn_persp.asm">
      <Filter>Source Files</Filter>
    </CustomBuild>
  </ItemGroup>
</Project>